Microsoft Visual Studio Solution File, Format Version 12.00
# Visual Studio Version 17
VisualStudioVersion = 17.5.2.0
MinimumVisualStudioVersion = 10.0.40219.1
Project("{FAE04EC0-301F-11D3-BF4B-00C04F79EFBC}") = "Portfolio.Api", "Portfolio.Api.csproj", "{8337BD35-479A-0EBE-9D64-D19AC09B7146}"
EndProject
Global
	GlobalSection(SolutionConfigurationPlatforms) = preSolution
		Debug|Any CPU = Debug|Any CPU
		Release|Any CPU = Release|Any CPU
	EndGlobalSection
	GlobalSection(ProjectConfigurationPlatforms) = postSolution
		{8337BD35-479A-0EBE-9D64-D19AC09B7146}.Debug|Any CPU.ActiveCfg = Debug|Any CPU
		{8337BD35-479A-0EBE-9D64-D19AC09B7146}.Debug|Any CPU.Build.0 = Debug|Any CPU
		{8337BD35-479A-0EBE-9D64-D19AC09B7146}.Release|Any CPU.ActiveCfg = Release|Any CPU
		{8337BD35-479A-0EBE-9D64-D19AC09B7146}.Release|Any CPU.Build.0 = Release|Any CPU
	EndGlobalSection
	GlobalSection(SolutionProperties) = preSolution
		HideSolutionNode = FALSE
	EndGlobalSection
	GlobalSection(ExtensibilityGlobals) = postSolution
		SolutionGuid = {B317FCB8-A035-4F55-B163-A1B04D0632B4}
	EndGlobalSection
EndGlobal
